// !$*UTF8*$!
{
	archiveVersion = 1;
	classes = {
	};
	objectVersion = 46;
	objects = {

/* Begin PBXBuildFile section */
		C79B15E11F40C50100EB9280 /* Person.cpp in Sources */ = {isa = PBXBuildFile; fileRef = C79B15DF1F40C50100EB9280 /* Person.cpp */; };
		C79B15E61F40DDF200EB9280 /* Tweeter.cpp in Sources */ = {isa = PBXBuildFile; fileRef = C79B15E41F40DDF200EB9280 /* Tweeter.cpp */; };
		C79B15EF1F50AA1600EB9280 /* Accum.cpp in Sources */ = {isa = PBXBuildFile; fileRef = C79B15ED1F50AA1600EB9280 /* Accum.cpp */; };
		C7B1D5121F5B20EA004B2E23 /* PtrsnRefs.cpp in Sources */ = {isa = PBXBuildFile; fileRef = C7B1D5101F5B20EA004B2E23 /* PtrsnRefs.cpp */; };
		C7B79D521F6EFECE00338198 /* Resource.cpp in Sources */ = {isa = PBXBuildFile; fileRef = C7B79D501F6EFECE00338198 /* Resource.cpp */; };
		C7CF9D691EF9B80C002678C7 /* main.cpp in Sources */ = {isa = PBXBuildFile; fileRef = C7CF9D681EF9B80C002678C7 /* main.cpp */; };
		C7CF9D711EF9B824002678C7 /* collections.cpp in Sources */ = {isa = PBXBuildFile; fileRef = C7CF9D6F1EF9B824002678C7 /* collections.cpp */; };
		C7CF9D751EFC58F5002678C7 /* transaction.cpp in Sources */ = {isa = PBXBuildFile; fileRef = C7CF9D731EFC58F5002678C7 /* transaction.cpp */; };
		C7CF9D781EFC5905002678C7 /* account.cpp in Sources */ = {isa = PBXBuildFile; fileRef = C7CF9D761EFC5905002678C7 /* account.cpp */; };
		C7CF9D7D1F018C5E002678C7 /* unitests.cpp in Sources */ = {isa = PBXBuildFile; fileRef = C7CF9D7B1F018C5E002678C7 /* unitests.cpp */; };
		C7CF9D811F0EBFE2002678C7 /* casts.cpp in Sources */ = {isa = PBXBuildFile; fileRef = C7CF9D7F1F0EBFE2002678C7 /* casts.cpp */; };
		C7DD1C581F686BB100005D0D /* Const.cpp in Sources */ = {isa = PBXBuildFile; fileRef = C7DD1C561F686BB100005D0D /* Const.cpp */; };
/* End PBXBuildFile section */

/* Begin PBXCopyFilesBuildPhase section */
		C7CF9D631EF9B80C002678C7 /* CopyFiles */ = {
			isa = PBXCopyFilesBuildPhase;
			buildActionMask = 2147483647;
			dstPath = /usr/share/man/man1/;
			dstSubfolderSpec = 0;
			files = (
			);
			runOnlyForDeploymentPostprocessing = 1;
		};
/* End PBXCopyFilesBuildPhase section */

/* Begin PBXFileReference section */
		C79B15DF1F40C50100EB9280 /* Person.cpp */ = {isa = PBXFileReference; fileEncoding = 4; lastKnownFileType = sourcecode.cpp.cpp; path = Person.cpp; sourceTree = "<group>"; };
		C79B15E01F40C50100EB9280 /* Person.hpp */ = {isa = PBXFileReference; fileEncoding = 4; lastKnownFileType = sourcecode.cpp.h; path = Person.hpp; sourceTree = "<group>"; };
		C79B15E41F40DDF200EB9280 /* Tweeter.cpp */ = {isa = PBXFileReference; fileEncoding = 4; lastKnownFileType = sourcecode.cpp.cpp; path = Tweeter.cpp; sourceTree = "<group>"; };
		C79B15E51F40DDF200EB9280 /* Tweeter.hpp */ = {isa = PBXFileReference; fileEncoding = 4; lastKnownFileType = sourcecode.cpp.h; path = Tweeter.hpp; sourceTree = "<group>"; };
		C79B15E81F422B9A00EB9280 /* Status.hpp */ = {isa = PBXFileReference; lastKnownFileType = sourcecode.cpp.h; path = Status.hpp; sourceTree = "<group>"; };
		C79B15ED1F50AA1600EB9280 /* Accum.cpp */ = {isa = PBXFileReference; fileEncoding = 4; lastKnownFileType = sourcecode.cpp.cpp; path = Accum.cpp; sourceTree = "<group>"; };
		C79B15EE1F50AA1600EB9280 /* Accum.hpp */ = {isa = PBXFileReference; fileEncoding = 4; lastKnownFileType = sourcecode.cpp.h; path = Accum.hpp; sourceTree = "<group>"; };
		C7B1D5101F5B20EA004B2E23 /* PtrsnRefs.cpp */ = {isa = PBXFileReference; fileEncoding = 4; lastKnownFileType = sourcecode.cpp.cpp; path = PtrsnRefs.cpp; sourceTree = "<group>"; };
		C7B1D5111F5B20EA004B2E23 /* PtrsnRefs.hpp */ = {isa = PBXFileReference; fileEncoding = 4; lastKnownFileType = sourcecode.cpp.h; path = PtrsnRefs.hpp; sourceTree = "<group>"; };
		C7B79D501F6EFECE00338198 /* Resource.cpp */ = {isa = PBXFileReference; fileEncoding = 4; lastKnownFileType = sourcecode.cpp.cpp; path = Resource.cpp; sourceTree = "<group>"; };
		C7B79D511F6EFECE00338198 /* Resource.hpp */ = {isa = PBXFileReference; fileEncoding = 4; lastKnownFileType = sourcecode.cpp.h; path = Resource.hpp; sourceTree = "<group>"; };
		C7B79D591F7C464600338198 /* catch.hpp */ = {isa = PBXFileReference; fileEncoding = 4; lastKnownFileType = sourcecode.cpp.h; path = catch.hpp; sourceTree = "<group>"; };
		C7CF9D651EF9B80C002678C7 /* pluralsight */ = {isa = PBXFileReference; explicitFileType = "compiled.mach-o.executable"; includeInIndex = 0; path = pluralsight; sourceTree = BUILT_PRODUCTS_DIR; };
		C7CF9D681EF9B80C002678C7 /* main.cpp */ = {isa = PBXFileReference; lastKnownFileType = sourcecode.cpp.cpp; name = main.cpp; path = pluralsight/main.cpp; sourceTree = SOURCE_ROOT; };
		C7CF9D6F1EF9B824002678C7 /* collections.cpp */ = {isa = PBXFileReference; fileEncoding = 4; lastKnownFileType = sourcecode.cpp.cpp; path = collections.cpp; sourceTree = "<group>"; };
		C7CF9D701EF9B824002678C7 /* collections.hpp */ = {isa = PBXFileReference; fileEncoding = 4; lastKnownFileType = sourcecode.cpp.h; path = collections.hpp; sourceTree = "<group>"; };
		C7CF9D731EFC58F5002678C7 /* transaction.cpp */ = {isa = PBXFileReference; fileEncoding = 4; lastKnownFileType = sourcecode.cpp.cpp; path = transaction.cpp; sourceTree = "<group>"; };
		C7CF9D741EFC58F5002678C7 /* transaction.hpp */ = {isa = PBXFileReference; fileEncoding = 4; lastKnownFileType = sourcecode.cpp.h; path = transaction.hpp; sourceTree = "<group>"; };
		C7CF9D761EFC5905002678C7 /* account.cpp */ = {isa = PBXFileReference; fileEncoding = 4; lastKnownFileType = sourcecode.cpp.cpp; path = account.cpp; sourceTree = "<group>"; };
		C7CF9D771EFC5905002678C7 /* account.hpp */ = {isa = PBXFileReference; fileEncoding = 4; lastKnownFileType = sourcecode.cpp.h; name = account.hpp; path = pluralsight/account.hpp; sourceTree = SOURCE_ROOT; };
		C7CF9D7B1F018C5E002678C7 /* unitests.cpp */ = {isa = PBXFileReference; fileEncoding = 4; lastKnownFileType = sourcecode.cpp.cpp; path = unitests.cpp; sourceTree = "<group>"; };
		C7CF9D7C1F018C5E002678C7 /* unitests.hpp */ = {isa = PBXFileReference; fileEncoding = 4; lastKnownFileType = sourcecode.cpp.h; path = unitests.hpp; sourceTree = "<group>"; };
		C7CF9D7F1F0EBFE2002678C7 /* casts.cpp */ = {isa = PBXFileReference; fileEncoding = 4; lastKnownFileType = sourcecode.cpp.cpp; path = casts.cpp; sourceTree = "<group>"; };
		C7CF9D801F0EBFE2002678C7 /* casts.hpp */ = {isa = PBXFileReference; fileEncoding = 4; lastKnownFileType = sourcecode.cpp.h; path = casts.hpp; sourceTree = "<group>"; };
		C7DD1C561F686BB100005D0D /* Const.cpp */ = {isa = PBXFileReference; fileEncoding = 4; lastKnownFileType = sourcecode.cpp.cpp; path = Const.cpp; sourceTree = "<group>"; };
		C7DD1C571F686BB100005D0D /* Const.hpp */ = {isa = PBXFileReference; fileEncoding = 4; lastKnownFileType = sourcecode.cpp.h; path = Const.hpp; sourceTree = "<group>"; };
		C7DD1C591F68735400005D0D /* makefile */ = {isa = PBXFileReference; fileEncoding = 4; lastKnownFileType = sourcecode.make; path = makefile; sourceTree = "<group>"; };
/* End PBXFileReference section */

/* Begin PBXFrameworksBuildPhase section */
		C7CF9D621EF9B80C002678C7 /* Frameworks */ = {
			isa = PBXFrameworksBuildPhase;
			buildActionMask = 2147483647;
			files = (
			);
			runOnlyForDeploymentPostprocessing = 0;
		};
/* End PBXFrameworksBuildPhase section */

/* Begin PBXGroup section */
		C79B15DE1F40C4E300EB9280 /* classes */ = {
			isa = PBXGroup;
			children = (
				C79B15DF1F40C50100EB9280 /* Person.cpp */,
				C79B15E01F40C50100EB9280 /* Person.hpp */,
				C79B15E41F40DDF200EB9280 /* Tweeter.cpp */,
				C79B15E51F40DDF200EB9280 /* Tweeter.hpp */,
				C79B15E81F422B9A00EB9280 /* Status.hpp */,
				C79B15ED1F50AA1600EB9280 /* Accum.cpp */,
				C79B15EE1F50AA1600EB9280 /* Accum.hpp */,
			);
			name = classes;
			sourceTree = "<group>";
		};
		C7B1D5131F5B2111004B2E23 /* pointers */ = {
			isa = PBXGroup;
			children = (
				C7B1D5101F5B20EA004B2E23 /* PtrsnRefs.cpp */,
				C7B1D5111F5B20EA004B2E23 /* PtrsnRefs.hpp */,
				C7DD1C561F686BB100005D0D /* Const.cpp */,
				C7DD1C571F686BB100005D0D /* Const.hpp */,
				C7B79D501F6EFECE00338198 /* Resource.cpp */,
				C7B79D511F6EFECE00338198 /* Resource.hpp */,
			);
			name = pointers;
			sourceTree = "<group>";
		};
		C7CF9D5C1EF9B80C002678C7 = {
			isa = PBXGroup;
			children = (
				C7CF9D671EF9B80C002678C7 /* pluralsight */,
				C7CF9D661EF9B80C002678C7 /* Products */,
			);
			sourceTree = "<group>";
		};
		C7CF9D661EF9B80C002678C7 /* Products */ = {
			isa = PBXGroup;
			children = (
				C7CF9D651EF9B80C002678C7 /* pluralsight */,
			);
			name = Products;
			sourceTree = "<group>";
		};
		C7CF9D671EF9B80C002678C7 /* pluralsight */ = {
			isa = PBXGroup;
			children = (
				C7B1D5131F5B2111004B2E23 /* pointers */,
				C79B15DE1F40C4E300EB9280 /* classes */,
				C7CF9D7E1F0EBFB1002678C7 /* casts */,
				C7CF9D7A1F018C2A002678C7 /* unitests */,
				C7CF9D791F018BFD002678C7 /* collections */,
				C7CF9D721EFC58D4002678C7 /* bank */,
				C7CF9D681EF9B80C002678C7 /* main.cpp */,
				C7B79D591F7C464600338198 /* catch.hpp */,
				C7DD1C591F68735400005D0D /* makefile */,
			);
			path = pluralsight;
			sourceTree = "<group>";
		};
		C7CF9D721EFC58D4002678C7 /* bank */ = {
			isa = PBXGroup;
			children = (
				C7CF9D731EFC58F5002678C7 /* transaction.cpp */,
				C7CF9D741EFC58F5002678C7 /* transaction.hpp */,
				C7CF9D761EFC5905002678C7 /* account.cpp */,
				C7CF9D771EFC5905002678C7 /* account.hpp */,
			);
			name = bank;
			sourceTree = "<group>";
		};
		C7CF9D791F018BFD002678C7 /* collections */ = {
			isa = PBXGroup;
			children = (
				C7CF9D6F1EF9B824002678C7 /* collections.cpp */,
				C7CF9D701EF9B824002678C7 /* collections.hpp */,
			);
			name = collections;
			sourceTree = "<group>";
		};
		C7CF9D7A1F018C2A002678C7 /* unitests */ = {
			isa = PBXGroup;
			children = (
				C7CF9D7B1F018C5E002678C7 /* unitests.cpp */,
				C7CF9D7C1F018C5E002678C7 /* unitests.hpp */,
			);
			name = unitests;
			sourceTree = "<group>";
		};
		C7CF9D7E1F0EBFB1002678C7 /* casts */ = {
			isa = PBXGroup;
			children = (
				C7CF9D7F1F0EBFE2002678C7 /* casts.cpp */,
				C7CF9D801F0EBFE2002678C7 /* casts.hpp */,
			);
			name = casts;
			sourceTree = "<group>";
		};
/* End PBXGroup section */

/* Begin PBXNativeTarget section */
		C7CF9D641EF9B80C002678C7 /* pluralsight */ = {
			isa = PBXNativeTarget;
			buildConfigurationList = C7CF9D6C1EF9B80C002678C7 /* Build configuration list for PBXNativeTarget "pluralsight" */;
			buildPhases = (
				C7CF9D611EF9B80C002678C7 /* Sources */,
				C7CF9D621EF9B80C002678C7 /* Frameworks */,
				C7CF9D631EF9B80C002678C7 /* CopyFiles */,
			);
			buildRules = (
			);
			dependencies = (
			);
			name = pluralsight;
			productName = pluralsight;
			productReference = C7CF9D651EF9B80C002678C7 /* pluralsight */;
			productType = "com.apple.product-type.tool";
		};
/* End PBXNativeTarget section */

/* Begin PBXProject section */
		C7CF9D5D1EF9B80C002678C7 /* Project object */ = {
			isa = PBXProject;
			attributes = {
				LastUpgradeCheck = 0830;
				ORGANIZATIONNAME = "gali zorea";
				TargetAttributes = {
					C7CF9D641EF9B80C002678C7 = {
						CreatedOnToolsVersion = 8.3.3;
						ProvisioningStyle = Automatic;
					};
				};
			};
			buildConfigurationList = C7CF9D601EF9B80C002678C7 /* Build configuration list for PBXProject "pluralsight" */;
			compatibilityVersion = "Xcode 3.2";
			developmentRegion = English;
			hasScannedForEncodings = 0;
			knownRegions = (
				en,
			);
			mainGroup = C7CF9D5C1EF9B80C002678C7;
			productRefGroup = C7CF9D661EF9B80C002678C7 /* Products */;
			projectDirPath = "";
			projectRoot = "";
			targets = (
				C7CF9D641EF9B80C002678C7 /* pluralsight */,
			);
		};
/* End PBXProject section */

/* Begin PBXSourcesBuildPhase section */
		C7CF9D611EF9B80C002678C7 /* Sources */ = {
			isa = PBXSourcesBuildPhase;
			buildActionMask = 2147483647;
			files = (
				C79B15EF1F50AA1600EB9280 /* Accum.cpp in Sources */,
				C7B79D521F6EFECE00338198 /* Resource.cpp in Sources */,
				C7B1D5121F5B20EA004B2E23 /* PtrsnRefs.cpp in Sources */,
				C7CF9D751EFC58F5002678C7 /* transaction.cpp in Sources */,
				C7CF9D781EFC5905002678C7 /* account.cpp in Sources */,
				C79B15E11F40C50100EB9280 /* Person.cpp in Sources */,
				C7CF9D691EF9B80C002678C7 /* main.cpp in Sources */,
				C79B15E61F40DDF200EB9280 /* Tweeter.cpp in Sources */,
				C7CF9D7D1F018C5E002678C7 /* unitests.cpp in Sources */,
				C7DD1C581F686BB100005D0D /* Const.cpp in Sources */,
				C7CF9D811F0EBFE2002678C7 /* casts.cpp in Sources */,
				C7CF9D711EF9B824002678C7 /* collections.cpp in Sources */,
			);
			runOnlyForDeploymentPostprocessing = 0;
		};
/* End PBXSourcesBuildPhase section */

/* Begin XCBuildConfiguration section */
		C7CF9D6A1EF9B80C002678C7 /* Debug */ = {
			isa = XCBuildConfiguration;
			buildSettings = {
				ALWAYS_SEARCH_USER_PATHS = NO;
				CLANG_ANALYZER_NONNULL = YES;
				CLANG_ANALYZER_NUMBER_OBJECT_CONVERSION = YES_AGGRESSIVE;
				CLANG_CXX_LANGUAGE_STANDARD = "gnu++0x";
				CLANG_CXX_LIBRARY = "libc++";
				CLANG_ENABLE_MODULES = YES;
				CLANG_ENABLE_OBJC_ARC = YES;
				CLANG_WARN_BOOL_CONVERSION = YES;
				CLANG_WARN_CONSTANT_CONVERSION = YES;
				CLANG_WARN_DIRECT_OBJC_ISA_USAGE = YES_ERROR;
				CLANG_WARN_DOCUMENTATION_COMMENTS = YES;
				CLANG_WARN_EMPTY_BODY = YES;
				CLANG_WARN_ENUM_CONVERSION = YES;
				CLANG_WARN_INFINITE_RECURSION = YES;
				CLANG_WARN_INT_CONVERSION = YES;
				CLANG_WARN_OBJC_ROOT_CLASS = YES_ERROR;
				CLANG_WARN_SUSPICIOUS_MOVE = YES;
				CLANG_WARN_UNREACHABLE_CODE = YES;
				CLANG_WARN__DUPLICATE_METHOD_MATCH = YES;
				CODE_SIGN_IDENTITY = "-";
				COPY_PHASE_STRIP = NO;
				DEBUG_INFORMATION_FORMAT = dwarf;
				ENABLE_STRICT_OBJC_MSGSEND = YES;
				ENABLE_TESTABILITY = YES;
				GCC_C_LANGUAGE_STANDARD = gnu99;
				GCC_DYNAMIC_NO_PIC = NO;
				GCC_NO_COMMON_BLOCKS = YES;
				GCC_OPTIMIZATION_LEVEL = 0;
				GCC_PREPROCESSOR_DEFINITIONS = (
					"DEBUG=1",
					"$(inherited)",
				);
				GCC_WARN_64_TO_32_BIT_CONVERSION = YES;
				GCC_WARN_ABOUT_RETURN_TYPE = YES_ERROR;
				GCC_WARN_UNDECLARED_SELECTOR = YES;
				GCC_WARN_UNINITIALIZED_AUTOS = YES_AGGRESSIVE;
				GCC_WARN_UNUSED_FUNCTION = YES;
				GCC_WARN_UNUSED_VARIABLE = YES;
				MACOSX_DEPLOYMENT_TARGET = 10.12;
				MTL_ENABLE_DEBUG_INFO = YES;
				ONLY_ACTIVE_ARCH = YES;
				SDKROOT = macosx;
			};
			name = Debug;
		};
		C7CF9D6B1EF9B80C002678C7 /* Release */ = {
			isa = XCBuildConfiguration;
			buildSettings = {
				ALWAYS_SEARCH_USER_PATHS = NO;
				CLANG_ANALYZER_NONNULL = YES;
				CLANG_ANALYZER_NUMBER_OBJECT_CONVERSION = YES_AGGRESSIVE;
				CLANG_CXX_LANGUAGE_STANDARD = "gnu++0x";
				CLANG_CXX_LIBRARY = "libc++";
				CLANG_ENABLE_MODULES = YES;
				CLANG_ENABLE_OBJC_ARC = YES;
				CLANG_WARN_BOOL_CONVERSION = YES;
				CLANG_WARN_CONSTANT_CONVERSION = YES;
				CLANG_WARN_DIRECT_OBJC_ISA_USAGE = YES_ERROR;
				CLANG_WARN_DOCUMENTATION_COMMENTS = YES;
				CLANG_WARN_EMPTY_BODY = YES;
				CLANG_WARN_ENUM_CONVERSION = YES;
				CLANG_WARN_INFINITE_RECURSION = YES;
				CLANG_WARN_INT_CONVERSION = YES;
				CLANG_WARN_OBJC_ROOT_CLASS = YES_ERROR;
				CLANG_WARN_SUSPICIOUS_MOVE = YES;
				CLANG_WARN_UNREACHABLE_CODE = YES;
				CLANG_WARN__DUPLICATE_METHOD_MATCH = YES;
				CODE_SIGN_IDENTITY = "-";
				COPY_PHASE_STRIP = NO;
				DEBUG_INFORMATION_FORMAT = "dwarf-with-dsym";
				ENABLE_NS_ASSERTIONS = NO;
				ENABLE_STRICT_OBJC_MSGSEND = YES;
				GCC_C_LANGUAGE_STANDARD = gnu99;
				GCC_NO_COMMON_BLOCKS = YES;
				GCC_WARN_64_TO_32_BIT_CONVERSION = YES;
				GCC_WARN_ABOUT_RETURN_TYPE = YES_ERROR;
				GCC_WARN_UNDECLARED_SELECTOR = YES;
				GCC_WARN_UNINITIALIZED_AUTOS = YES_AGGRESSIVE;
				GCC_WARN_UNUSED_FUNCTION = YES;
				GCC_WARN_UNUSED_VARIABLE = YES;
				MACOSX_DEPLOYMENT_TARGET = 10.12;
				MTL_ENABLE_DEBUG_INFO = NO;
				SDKROOT = macosx;
			};
			name = Release;
		};
		C7CF9D6D1EF9B80C002678C7 /* Debug */ = {
			isa = XCBuildConfiguration;
			buildSettings = {
				PRODUCT_NAME = "$(TARGET_NAME)";
			};
			name = Debug;
		};
		C7CF9D6E1EF9B80C002678C7 /* Release */ = {
			isa = XCBuildConfiguration;
			buildSettings = {
				PRODUCT_NAME = "$(TARGET_NAME)";
			};
			name = Release;
		};
/* End XCBuildConfiguration section */

/* Begin XCConfigurationList section */
		C7CF9D601EF9B80C002678C7 /* Build configuration list for PBXProject "pluralsight" */ = {
			isa = XCConfigurationList;
			buildConfigurations = (
				C7CF9D6A1EF9B80C002678C7 /* Debug */,
				C7CF9D6B1EF9B80C002678C7 /* Release */,
			);
			defaultConfigurationIsVisible = 0;
			defaultConfigurationName = Release;
		};
		C7CF9D6C1EF9B80C002678C7 /* Build configuration list for PBXNativeTarget "pluralsight" */ = {
			isa = XCConfigurationList;
			buildConfigurations = (
				C7CF9D6D1EF9B80C002678C7 /* Debug */,
				C7CF9D6E1EF9B80C002678C7 /* Release */,
			);
			defaultConfigurationIsVisible = 0;
			defaultConfigurationName = Release;
		};
/* End XCConfigurationList section */
	};
	rootObject = C7CF9D5D1EF9B80C002678C7 /* Project object */;
}
